// !$*UTF8*$!
{
	archiveVersion = 1;
	classes = {
	};
	objectVersion = 55;
	objects = {

/* Begin PBXBuildFile section */
		294DE1602796A3DE0065B39A /* AppDelegate.m in Sources */ = {isa = PBXBuildFile; fileRef = 294DE15F2796A3DE0065B39A /* AppDelegate.m */; };
		294DE1632796A3DE0065B39A /* SceneDelegate.m in Sources */ = {isa = PBXBuildFile; fileRef = 294DE1622796A3DE0065B39A /* SceneDelegate.m */; };
		294DE1662796A3DE0065B39A /* ViewController.m in Sources */ = {isa = PBXBuildFile; fileRef = 294DE1652796A3DE0065B39A /* ViewController.m */; };
		294DE1692796A3DE0065B39A /* Main.storyboard in Resources */ = {isa = PBXBuildFile; fileRef = 294DE1672796A3DE0065B39A /* Main.storyboard */; };
		294DE16B2796A3E10065B39A /* Assets.xcassets in Resources */ = {isa = PBXBuildFile; fileRef = 294DE16A2796A3E10065B39A /* Assets.xcassets */; };
		294DE16E2796A3E10065B39A /* LaunchScreen.storyboard in Resources */ = {isa = PBXBuildFile; fileRef = 294DE16C2796A3E10065B39A /* LaunchScreen.storyboard */; };
		294DE1712796A3E10065B39A /* main.m in Sources */ = {isa = PBXBuildFile; fileRef = 294DE1702796A3E10065B39A /* main.m */; };
		294DE1792796A3F30065B39A /* FKCircleProgressView.m in Sources */ = {isa = PBXBuildFile; fileRef = 294DE1772796A3F30065B39A /* FKCircleProgressView.m */; };
/* End PBXBuildFile section */

/* Begin PBXFileReference section */
		294DE15B2796A3DE0065B39A /* FKProgress.app */ = {isa = PBXFileReference; explicitFileType = wrapper.application; includeInIndex = 0; path = FKProgress.app; sourceTree = BUILT_PRODUCTS_DIR; };
		294DE15E2796A3DE0065B39A /* AppDelegate.h */ = {isa = PBXFileReference; lastKnownFileType = sourcecode.c.h; path = AppDelegate.h; sourceTree = "<group>"; };
		294DE15F2796A3DE0065B39A /* AppDelegate.m */ = {isa = PBXFileReference; lastKnownFileType = sourcecode.c.objc; path = AppDelegate.m; sourceTree = "<group>"; };
		294DE1612796A3DE0065B39A /* SceneDelegate.h */ = {isa = PBXFileReference; lastKnownFileType = sourcecode.c.h; path = SceneDelegate.h; sourceTree = "<group>"; };
		294DE1622796A3DE0065B39A /* SceneDelegate.m */ = {isa = PBXFileReference; lastKnownFileType = sourcecode.c.objc; path = SceneDelegate.m; sourceTree = "<group>"; };
		294DE1642796A3DE0065B39A /* ViewController.h */ = {isa = PBXFileReference; lastKnownFileType = sourcecode.c.h; path = ViewController.h; sourceTree = "<group>"; };
		294DE1652796A3DE0065B39A /* ViewController.m */ = {isa = PBXFileReference; lastKnownFileType = sourcecode.c.objc; path = ViewController.m; sourceTree = "<group>"; };
		294DE1682796A3DE0065B39A /* Base */ = {isa = PBXFileReference; lastKnownFileType = file.storyboard; name = Base; path = Base.lproj/Main.storyboard; sourceTree = "<group>"; };
		294DE16A2796A3E10065B39A /* Assets.xcassets */ = {isa = PBXFileReference; lastKnownFileType = folder.assetcatalog; path = Assets.xcassets; sourceTree = "<group>"; };
		294DE16D2796A3E10065B39A /* Base */ = {isa = PBXFileReference; lastKnownFileType = file.storyboard; name = Base; path = Base.lproj/LaunchScreen.storyboard; sourceTree = "<group>"; };
		294DE16F2796A3E10065B39A /* Info.plist */ = {isa = PBXFileReference; lastKnownFileType = text.plist.xml; path = Info.plist; sourceTree = "<group>"; };
		294DE1702796A3E10065B39A /* main.m */ = {isa = PBXFileReference; lastKnownFileType = sourcecode.c.objc; path = main.m; sourceTree = "<group>"; };
		294DE1772796A3F30065B39A /* FKCircleProgressView.m */ = {isa = PBXFileReference; fileEncoding = 4; lastKnownFileType = sourcecode.c.objc; path = FKCircleProgressView.m; sourceTree = "<group>"; };
		294DE1782796A3F30065B39A /* FKCircleProgressView.h */ = {isa = PBXFileReference; fileEncoding = 4; lastKnownFileType = sourcecode.c.h; path = FKCircleProgressView.h; sourceTree = "<group>"; };
/* End PBXFileReference section */

/* Begin PBXFrameworksBuildPhase section */
		294DE1582796A3DE0065B39A /* Frameworks */ = {
			isa = PBXFrameworksBuildPhase;
			buildActionMask = 2147483647;
			files = (
			);
			runOnlyForDeploymentPostprocessing = 0;
		};
/* End PBXFrameworksBuildPhase section */

/* Begin PBXGroup section */
		294DE1522796A3DE0065B39A = {
			isa = PBXGroup;
			children = (
				294DE15D2796A3DE0065B39A /* FKProgress */,
				294DE15C2796A3DE0065B39A /* Products */,
			);
			sourceTree = "<group>";
		};
		294DE15C2796A3DE0065B39A /* Products */ = {
			isa = PBXGroup;
			children = (
				294DE15B2796A3DE0065B39A /* FKProgress.app */,
			);
			name = Products;
			sourceTree = "<group>";
		};
		294DE15D2796A3DE0065B39A /* FKProgress */ = {
			isa = PBXGroup;
			children = (
				294DE17A2796A8A30065B39A /* FKCircleProgressView */,
				294DE15E2796A3DE0065B39A /* AppDelegate.h */,
				294DE15F2796A3DE0065B39A /* AppDelegate.m */,
				294DE1612796A3DE0065B39A /* SceneDelegate.h */,
				294DE1622796A3DE0065B39A /* SceneDelegate.m */,
				294DE1642796A3DE0065B39A /* ViewController.h */,
				294DE1652796A3DE0065B39A /* ViewController.m */,
				294DE1672796A3DE0065B39A /* Main.storyboard */,
				294DE16A2796A3E10065B39A /* Assets.xcassets */,
				294DE16C2796A3E10065B39A /* LaunchScreen.storyboard */,
				294DE16F2796A3E10065B39A /* Info.plist */,
				294DE1702796A3E10065B39A /* main.m */,
			);
			path = FKProgress;
			sourceTree = "<group>";
		};
		294DE17A2796A8A30065B39A /* FKCircleProgressView */ = {
			isa = PBXGroup;
			children = (
				294DE1782796A3F30065B39A /* FKCircleProgressView.h */,
				294DE1772796A3F30065B39A /* FKCircleProgressView.m */,
			);
			path = FKCircleProgressView;
			sourceTree = "<group>";
		};
/* End PBXGroup section */

/* Begin PBXNativeTarget section */
		294DE15A2796A3DE0065B39A /* FKProgress */ = {
			isa = PBXNativeTarget;
			buildConfigurationList = 294DE1742796A3E10065B39A /* Build configuration list for PBXNativeTarget "FKProgress" */;
			buildPhases = (
				294DE1572796A3DE0065B39A /* Sources */,
				294DE1582796A3DE0065B39A /* Frameworks */,
				294DE1592796A3DE0065B39A /* Resources */,
			);
			buildRules = (
			);
			dependencies = (
			);
			name = FKProgress;
			productName = FKProgress;
			productReference = 294DE15B2796A3DE0065B39A /* FKProgress.app */;
			productType = "com.apple.product-type.application";
		};
/* End PBXNativeTarget section */

/* Begin PBXProject section */
		294DE1532796A3DE0065B39A /* Project object */ = {
			isa = PBXProject;
			attributes = {
				BuildIndependentTargetsInParallel = 1;
				LastUpgradeCheck = 1320;
				TargetAttributes = {
					294DE15A2796A3DE0065B39A = {
						CreatedOnToolsVersion = 13.2.1;
					};
				};
			};
			buildConfigurationList = 294DE1562796A3DE0065B39A /* Build configuration list for PBXProject "FKProgress" */;
			compatibilityVersion = "Xcode 13.0";
			developmentRegion = en;
			hasScannedForEncodings = 0;
			knownRegions = (
				en,
				Base,
			);
			mainGroup = 294DE1522796A3DE0065B39A;
			productRefGroup = 294DE15C2796A3DE0065B39A /* Products */;
			projectDirPath = "";
			projectRoot = "";
			targets = (
				294DE15A2796A3DE0065B39A /* FKProgress */,
			);
		};
/* End PBXProject section */

/* Begin PBXResourcesBuildPhase section */
		294DE1592796A3DE0065B39A /* Resources */ = {
			isa = PBXResourcesBuildPhase;
			buildActionMask = 2147483647;
			files = (
				294DE16E2796A3E10065B39A /* LaunchScreen.storyboard in Resources */,
				294DE16B2796A3E10065B39A /* Assets.xcassets in Resources */,
				294DE1692796A3DE0065B39A /* Main.storyboard in Resources */,
			);
			runOnlyForDeploymentPostprocessing = 0;
		};
/* End PBXResourcesBuildPhase section */

/* Begin PBXSourcesBuildPhase section */
		294DE1572796A3DE0065B39A /* Sources */ = {
			isa = PBXSourcesBuildPhase;
			buildActionMask = 2147483647;
			files = (
				294DE1662796A3DE0065B39A /* ViewController.m in Sources */,
				294DE1602796A3DE0065B39A /* AppDelegate.m in Sources */,
				294DE1792796A3F30065B39A /* FKCircleProgressView.m in Sources */,
				294DE1712796A3E10065B39A /* main.m in Sources */,
				294DE1632796A3DE0065B39A /* SceneDelegate.m in Sources */,
			);
			runOnlyForDeploymentPostprocessing = 0;
		};
/* End PBXSourcesBuildPhase section */

/* Begin PBXVariantGroup section */
		294DE1672796A3DE0065B39A /* Main.storyboard */ = {
			isa = PBXVariantGroup;
			children = (
				294DE1682796A3DE0065B39A /* Base */,
			);
			name = Main.storyboard;
			sourceTree = "<group>";
		};
		294DE16C2796A3E10065B39A /* LaunchScreen.storyboard */ = {
			isa = PBXVariantGroup;
			children = (
				294DE16D2796A3E10065B39A /* Base */,
			);
			name = LaunchScreen.storyboard;
			sourceTree = "<group>";
		};
/* End PBXVariantGroup section */

/* Begin XCBuildConfiguration section */
		294DE1722796A3E10065B39A /* Debug */ = {
			isa = XCBuildConfiguration;
			buildSettings = {
				ALWAYS_SEARCH_USER_PATHS = NO;
				CLANG_ANALYZER_NONNULL = YES;
				CLANG_ANALYZER_NUMBER_OBJECT_CONVERSION = YES_AGGRESSIVE;
				CLANG_CXX_LANGUAGE_STANDARD = "gnu++17";
				CLANG_CXX_LIBRARY = "libc++";
				CLANG_ENABLE_MODULES = YES;
				CLANG_ENABLE_OBJC_ARC = YES;
				CLANG_ENABLE_OBJC_WEAK = YES;
				CLANG_WARN_BLOCK_CAPTURE_AUTORELEASING = YES;
				CLANG_WARN_BOOL_CONVERSION = YES;
				CLANG_WARN_COMMA = YES;
				CLANG_WARN_CONSTANT_CONVERSION = YES;
				CLANG_WARN_DEPRECATED_OBJC_IMPLEMENTATIONS = YES;
				CLANG_WARN_DIRECT_OBJC_ISA_USAGE = YES_ERROR;
				CLANG_WARN_DOCUMENTATION_COMMENTS = YES;
				CLANG_WARN_EMPTY_BODY = YES;
				CLANG_WARN_ENUM_CONVERSION = YES;
				CLANG_WARN_INFINITE_RECURSION = YES;
				CLANG_WARN_INT_CONVERSION = YES;
				CLANG_WARN_NON_LITERAL_NULL_CONVERSION = YES;
				CLANG_WARN_OBJC_IMPLICIT_RETAIN_SELF = YES;
				CLANG_WARN_OBJC_LITERAL_CONVERSION = YES;
				CLANG_WARN_OBJC_ROOT_CLASS = YES_ERROR;
				CLANG_WARN_QUOTED_INCLUDE_IN_FRAMEWORK_HEADER = YES;
				CLANG_WARN_RANGE_LOOP_ANALYSIS = YES;
				CLANG_WARN_STRICT_PROTOTYPES = YES;
				CLANG_WARN_SUSPICIOUS_MOVE = YES;
				CLANG_WARN_UNGUARDED_AVAILABILITY = YES_AGGRESSIVE;
				CLANG_WARN_UNREACHABLE_CODE = YES;
				CLANG_WARN__DUPLICATE_METHOD_MATCH = YES;
				COPY_PHASE_STRIP = NO;
				DEBUG_INFORMATION_FORMAT = dwarf;
				ENABLE_STRICT_OBJC_MSGSEND = YES;
				ENABLE_TESTABILITY = YES;
				GCC_C_LANGUAGE_STANDARD = gnu11;
				GCC_DYNAMIC_NO_PIC = NO;
				GCC_NO_COMMON_BLOCKS = YES;
				GCC_OPTIMIZATION_LEVEL = 0;
				GCC_PREPROCESSOR_DEFINITIONS = (
					"DEBUG=1",
					"$(inherited)",
				);
				GCC_WARN_64_TO_32_BIT_CONVERSION = YES;
				GCC_WARN_ABOUT_RETURN_TYPE = YES_ERROR;
				GCC_WARN_UNDECLARED_SELECTOR = YES;
				GCC_WARN_UNINITIALIZED_AUTOS = YES_AGGRESSIVE;
				GCC_WARN_UNUSED_FUNCTION = YES;
				GCC_WARN_UNUSED_VARIABLE = YES;
				IPHONEOS_DEPLOYMENT_TARGET = 11.0;
				MTL_ENABLE_DEBUG_INFO = INCLUDE_SOURCE;
				MTL_FAST_MATH = YES;
				ONLY_ACTIVE_ARCH = YES;
				SDKROOT = iphoneos;
			};
			name = Debug;
		};
		294DE1732796A3E10065B39A /* Release */ = {
			isa = XCBuildConfiguration;
			buildSettings = {
				ALWAYS_SEARCH_USER_PATHS = NO;
				CLANG_ANALYZER_NONNULL = YES;
				CLANG_ANALYZER_NUMBER_OBJECT_CONVERSION = YES_AGGRESSIVE;
				CLANG_CXX_LANGUAGE_STANDARD = "gnu++17";
				CLANG_CXX_LIBRARY = "libc++";
				CLANG_ENABLE_MODULES = YES;
				CLANG_ENABLE_OBJC_ARC = YES;
				CLANG_ENABLE_OBJC_WEAK = YES;
				CLANG_WARN_BLOCK_CAPTURE_AUTORELEASING = YES;
				CLANG_WARN_BOOL_CONVERSION = YES;
				CLANG_WARN_COMMA = YES;
				CLANG_WARN_CONSTANT_CONVERSION = YES;
				CLANG_WARN_DEPRECATED_OBJC_IMPLEMENTATIONS = YES;
				CLANG_WARN_DIRECT_OBJC_ISA_USAGE = YES_ERROR;
				CLANG_WARN_DOCUMENTATION_COMMENTS = YES;
				CLANG_WARN_EMPTY_BODY = YES;
				CLANG_WARN_ENUM_CONVERSION = YES;
				CLANG_WARN_INFINITE_RECURSION = YES;
				CLANG_WARN_INT_CONVERSION = YES;
				CLANG_WARN_NON_LITERAL_NULL_CONVERSION = YES;
				CLANG_WARN_OBJC_IMPLICIT_RETAIN_SELF = YES;
				CLANG_WARN_OBJC_LITERAL_CONVERSION = YES;
				CLANG_WARN_OBJC_ROOT_CLASS = YES_ERROR;
				CLANG_WARN_QUOTED_INCLUDE_IN_FRAMEWORK_HEADER = YES;
				CLANG_WARN_RANGE_LOOP_ANALYSIS = YES;
				CLANG_WARN_STRICT_PROTOTYPES = YES;
				CLANG_WARN_SUSPICIOUS_MOVE = YES;
				CLANG_WARN_UNGUARDED_AVAILABILITY = YES_AGGRESSIVE;
				CLANG_WARN_UNREACHABLE_CODE = YES;
				CLANG_WARN__DUPLICATE_METHOD_MATCH = YES;
				COPY_PHASE_STRIP = NO;
				DEBUG_INFORMATION_FORMAT = "dwarf-with-dsym";
				ENABLE_NS_ASSERTIONS = NO;
				ENABLE_STRICT_OBJC_MSGSEND = YES;
				GCC_C_LANGUAGE_STANDARD = gnu11;
				GCC_NO_COMMON_BLOCKS = YES;
				GCC_WARN_64_TO_32_BIT_CONVERSION = YES;
				GCC_WARN_ABOUT_RETURN_TYPE = YES_ERROR;
				GCC_WARN_UNDECLARED_SELECTOR = YES;
				GCC_WARN_UNINITIALIZED_AUTOS = YES_AGGRESSIVE;
				GCC_WARN_UNUSED_FUNCTION = YES;
				GCC_WARN_UNUSED_VARIABLE = YES;
				IPHONEOS_DEPLOYMENT_TARGET = 11.0;
				MTL_ENABLE_DEBUG_INFO = NO;
				MTL_FAST_MATH = YES;
				SDKROOT = iphoneos;
				VALIDATE_PRODUCT = YES;
			};
			name = Release;
		};
		294DE1752796A3E10065B39A /* Debug */ = {
			isa = XCBuildConfiguration;
			buildSettings = {
				ASSETCATALOG_COMPILER_APPICON_NAME = AppIcon;
				ASSETCATALOG_COMPILER_GLOBAL_ACCENT_COLOR_NAME = AccentColor;
				CODE_SIGN_STYLE = Automatic;
				CURRENT_PROJECT_VERSION = 1;
				DEVELOPMENT_TEAM = 8J78L4H645;
				GENERATE_INFOPLIST_FILE = YES;
				INFOPLIST_FILE = FKProgress/Info.plist;
				INFOPLIST_KEY_UIApplicationSupportsIndirectInputEvents = YES;
				INFOPLIST_KEY_UILaunchStoryboardName = LaunchScreen;
				INFOPLIST_KEY_UIMainStoryboardFile = Main;
				INFOPLIST_KEY_UISupportedInterfaceOrientations_iPad = "UIInterfaceOrientationPortrait UIInterfaceOrientationPortraitUpsideDown UIInterfaceOrientationLandscapeLeft UIInterfaceOrientationLandscapeRight";
				INFOPLIST_KEY_UISupportedInterfaceOrientations_iPhone = "UIInterfaceOrientationPortrait UIInterfaceOrientationLandscapeLeft UIInterfaceOrientationLandscapeRight";
				IPHONEOS_DEPLOYMENT_TARGET = 11.0;
				LD_RUNPATH_SEARCH_PATHS = (
					"$(inherited)",
					"@executable_path/Frameworks",
				);
				MARKETING_VERSION = 1.0;
				PRODUCT_BUNDLE_IDENTIFIER = yongxing.FKProgress;
				PRODUCT_NAME = "$(TARGET_NAME)";
				SWIFT_EMIT_LOC_STRINGS = YES;
				TARGETED_DEVICE_FAMILY = "1,2";
			};
			name = Debug;
		};
		294DE1762796A3E10065B39A /* Release */ = {
			isa = XCBuildConfiguration;
			buildSettings = {
				ASSETCATALOG_COMPILER_APPICON_NAME = AppIcon;
				ASSETCATALOG_COMPILER_GLOBAL_ACCENT_COLOR_NAME = AccentColor;
				CODE_SIGN_STYLE = Automatic;
				CURRENT_PROJECT_VERSION = 1;
				DEVELOPMENT_TEAM = 8J78L4H645;
				GENERATE_INFOPLIST_FILE = YES;
				INFOPLIST_FILE = FKProgress/Info.plist;
				INFOPLIST_KEY_UIApplicationSupportsIndirectInputEvents = YES;
				INFOPLIST_KEY_UILaunchStoryboardName = LaunchScreen;
				INFOPLIST_KEY_UIMainStoryboardFile = Main;
				INFOPLIST_KEY_UISupportedInterfaceOrientations_iPad = "UIInterfaceOrientationPortrait UIInterfaceOrientationPortraitUpsideDown UIInterfaceOrientationLandscapeLeft UIInterfaceOrientationLandscapeRight";
				INFOPLIST_KEY_UISupportedInterfaceOrientations_iPhone = "UIInterfaceOrientationPortrait UIInterfaceOrientationLandscapeLeft UIInterfaceOrientationLandscapeRight";
				IPHONEOS_DEPLOYMENT_TARGET = 11.0;
				LD_RUNPATH_SEARCH_PATHS = (
					"$(inherited)",
					"@executable_path/Frameworks",
				);
				MARKETING_VERSION = 1.0;
				PRODUCT_BUNDLE_IDENTIFIER = yongxing.FKProgress;
				PRODUCT_NAME = "$(TARGET_NAME)";
				SWIFT_EMIT_LOC_STRINGS = YES;
				TARGETED_DEVICE_FAMILY = "1,2";
			};
			name = Release;
		};
/* End XCBuildConfiguration section */

/* Begin XCConfigurationList section */
		294DE1562796A3DE0065B39A /* Build configuration list for PBXProject "FKProgress" */ = {
			isa = XCConfigurationList;
			buildConfigurations = (
				294DE1722796A3E10065B39A /* Debug */,
				294DE1732796A3E10065B39A /* Release */,
			);
			defaultConfigurationIsVisible = 0;
			defaultConfigurationName = Release;
		};
		294DE1742796A3E10065B39A /* Build configuration list for PBXNativeTarget "FKProgress" */ = {
			isa = XCConfigurationList;
			buildConfigurations = (
				294DE1752796A3E10065B39A /* Debug */,
				294DE1762796A3E10065B39A /* Release */,
			);
			defaultConfigurationIsVisible = 0;
			defaultConfigurationName = Release;
		};
/* End XCConfigurationList section */
	};
	rootObject = 294DE1532796A3DE0065B39A /* Project object */;
}
